---
version: 0.14.5
groups:
  default:
    dependencies:
    - au.com.bytecode:opencsv:jar:2.4
    - com.almworks.sqlite4java:libsqlite4java-linux-amd64:so:1.0.392
    - com.almworks.sqlite4java:libsqlite4java-linux-i386:so:1.0.392
    - com.almworks.sqlite4java:libsqlite4java-osx:dylib:1.0.392
    - com.almworks.sqlite4java:sqlite4java-win32-x64:dll:1.0.392
    - com.almworks.sqlite4java:sqlite4java-win32-x86:dll:1.0.392
    - com.almworks.sqlite4java:sqlite4java:jar:1.0.392
    - com.amazonaws:DynamoDBLocal:jar:1.10.5.1
    - com.amazonaws:aws-java-sdk-core:jar:1.10.43
    - com.amazonaws:aws-java-sdk-dynamodb:jar:1.10.43
    - com.amazonaws:aws-java-sdk-kms:jar:1.10.43
    - com.amazonaws:aws-java-sdk-s3:jar:1.10.43
    - com.amazonaws:dynamodb-titan100-storage-backend:jar:1.0.0
    - com.carrotsearch:hppc:jar:0.7.1
    - com.codahale.metrics:metrics-core:jar:3.0.1
    - com.codahale.metrics:metrics-ganglia:jar:3.0.1
    - com.codahale.metrics:metrics-graphite:jar:3.0.1
    - com.fasterxml.jackson.core:jackson-annotations:jar:2.5.0
    - com.fasterxml.jackson.core:jackson-core:jar:2.5.3
    - com.fasterxml.jackson.core:jackson-databind:jar:2.5.3
    - com.fasterxml.jackson.datatype:jackson-datatype-json-org:jar:2.5.3
    - com.github.stephenc.high-scale-lib:high-scale-lib:jar:1.1.4
    - com.google.code.findbugs:jsr305:jar:3.0.0
    - com.google.guava:guava:jar:18.0
    - com.jcabi:jcabi-log:jar:0.14
    - com.jcabi:jcabi-manifests:jar:1.1
    - com.spatial4j:spatial4j:jar:0.4.1
    - com.thinkaurelius.titan:titan-core:jar:1.0.0
    - commons-cli:commons-cli:jar:1.2
    - commons-codec:commons-codec:jar:1.7
    - commons-collections:commons-collections:jar:3.2.1
    - commons-configuration:commons-configuration:jar:1.10
    - commons-io:commons-io:jar:2.3
    - commons-lang:commons-lang:jar:2.6
    - commons-logging:commons-logging:jar:1.1.1
    - dom4j:dom4j:jar:1.6.1
    - info.ganglia.gmetric4j:gmetric4j:jar:1.0.3
    - jline:jline:jar:2.11
    - joda-time:joda-time:jar:2.8.1
    - log4j:log4j:jar:1.2.17
    - org.abego.treelayout:org.abego.treelayout.core:jar:1.0.1
    - org.acplt:oncrpc:jar:1.0.7
    - org.antlr:antlr4-runtime:jar:4.1
    - org.apache.commons:commons-lang3:jar:3.3.1
    - org.apache.geronimo.bundles:json:jar:20090211_1
    - org.apache.httpcomponents:httpclient:jar:4.3.6
    - org.apache.httpcomponents:httpcore:jar:4.3.3
    - org.apache.ivy:ivy:jar:2.3.0
    - org.apache.logging.log4j:log4j-api:jar:2.1
    - org.apache.logging.log4j:log4j-core:jar:2.1
    - org.apache.tinkerpop:gremlin-core:jar:3.0.1-incubating
    - org.apache.tinkerpop:gremlin-groovy:jar:3.0.1-incubating
    - org.apache.tinkerpop:gremlin-shaded:jar:3.0.1-incubating
    - org.apache.tinkerpop:tinkergraph-gremlin:jar:3.0.1-incubating
    - org.codehaus.groovy:groovy-console:jar:2.4.1
    - org.codehaus.groovy:groovy-groovysh:jar:indy:2.4.1
    - org.codehaus.groovy:groovy-json:jar:indy:2.4.1
    - org.codehaus.groovy:groovy-jsr223:jar:indy:2.4.1
    - org.codehaus.groovy:groovy-swing:jar:2.4.1
    - org.codehaus.groovy:groovy-templates:jar:2.4.1
    - org.codehaus.groovy:groovy-xml:jar:2.4.1
    - org.codehaus.groovy:groovy:jar:2.4.1
    - org.codehaus.groovy:groovy:jar:indy:2.4.1
    - org.eclipse.jetty.orbit:javax.servlet:jar:3.0.0.v201112011016
    - org.eclipse.jetty:jetty-client:jar:8.1.12.v20130726
    - org.eclipse.jetty:jetty-continuation:jar:8.1.12.v20130726
    - org.eclipse.jetty:jetty-http:jar:8.1.12.v20130726
    - org.eclipse.jetty:jetty-io:jar:8.1.12.v20130726
    - org.eclipse.jetty:jetty-server:jar:8.1.12.v20130726
    - org.eclipse.jetty:jetty-util:jar:8.1.12.v20130726
    - org.glassfish:javax.json:jar:1.0
    - org.hamcrest:hamcrest-core:jar:1.1
    - org.javassist:javassist:jar:3.16.1-GA
    - org.javatuples:javatuples:jar:1.2
    - org.mindrot:jbcrypt:jar:0.3m
    - org.mockito:mockito-core:jar:1.10.19
    - org.objenesis:objenesis:jar:2.1
    - org.reflections:reflections:jar:0.9.9-RC1
    - org.slf4j:jcl-over-slf4j:jar:1.7.12
    - org.slf4j:slf4j-api:jar:1.7.5
    - org.slf4j:slf4j-log4j12:jar:1.7.5
    - org.yaml:snakeyaml:jar:1.15
    - xml-apis:xml-apis:jar:1.0.b2
    artifacts:
    - jar:com.amazonaws:dynamodb-titan100-storage-backend:jar:1.0.0:
        transitive:
          au.com.bytecode:opencsv:jar:2.4: {}
          com.amazonaws:DynamoDBLocal:jar:1.10.5.1:
            com.almworks.sqlite4java:libsqlite4java-osx:dylib:1.0.392: {}
            com.almworks.sqlite4java:libsqlite4java-linux-i386:so:1.0.392:
              com.almworks.sqlite4java:sqlite4java:jar:1.0.392: {}
            com.almworks.sqlite4java:libsqlite4java-linux-amd64:so:1.0.392: {}
            com.almworks.sqlite4java:sqlite4java-win32-x64:dll:1.0.392: {}
            org.eclipse.jetty:jetty-server:jar:8.1.12.v20130726:
              org.eclipse.jetty:jetty-continuation:jar:8.1.12.v20130726: {}
              org.eclipse.jetty.orbit:javax.servlet:jar:3.0.0.v201112011016: {}
            org.antlr:antlr4-runtime:jar:4.1:
              org.abego.treelayout:org.abego.treelayout.core:jar:1.0.1: {}
            com.almworks.sqlite4java:sqlite4java-win32-x86:dll:1.0.392: {}
            org.apache.logging.log4j:log4j-api:jar:2.1: {}
            org.eclipse.jetty:jetty-client:jar:8.1.12.v20130726:
              org.eclipse.jetty:jetty-http:jar:8.1.12.v20130726:
                org.eclipse.jetty:jetty-io:jar:8.1.12.v20130726:
                  org.eclipse.jetty:jetty-util:jar:8.1.12.v20130726: {}
            commons-cli:commons-cli:jar:1.2: {}
            org.apache.logging.log4j:log4j-core:jar:2.1: {}
            org.mockito:mockito-core:jar:1.10.19:
              org.hamcrest:hamcrest-core:jar:1.1: {}
              org.objenesis:objenesis:jar:2.1: {}
          com.fasterxml.jackson.datatype:jackson-datatype-json-org:jar:2.5.3:
            org.apache.geronimo.bundles:json:jar:20090211_1: {}
            com.fasterxml.jackson.core:jackson-core:jar:2.5.3: {}
          com.amazonaws:aws-java-sdk-dynamodb:jar:1.10.43:
            com.amazonaws:aws-java-sdk-s3:jar:1.10.43:
              com.amazonaws:aws-java-sdk-kms:jar:1.10.43: {}
            com.amazonaws:aws-java-sdk-core:jar:1.10.43:
              org.apache.httpcomponents:httpclient:jar:4.3.6:
                org.apache.httpcomponents:httpcore:jar:4.3.3: {}
              joda-time:joda-time:jar:2.8.1: {}
          org.slf4j:slf4j-log4j12:jar:1.7.5:
            log4j:log4j:jar:1.2.17: {}
    - jar:com.thinkaurelius.titan:titan-core:jar:1.0.0:
        transitive:
          com.github.stephenc.high-scale-lib:high-scale-lib:jar:1.1.4: {}
          commons-io:commons-io:jar:2.3: {}
          org.apache.tinkerpop:gremlin-core:jar:3.0.1-incubating:
            com.jcabi:jcabi-manifests:jar:1.1:
              com.jcabi:jcabi-log:jar:0.14: {}
            org.apache.tinkerpop:gremlin-shaded:jar:3.0.1-incubating: {}
            org.yaml:snakeyaml:jar:1.15: {}
            org.slf4j:jcl-over-slf4j:jar:1.7.12: {}
            com.fasterxml.jackson.core:jackson-databind:jar:2.5.3:
              com.fasterxml.jackson.core:jackson-annotations:jar:2.5.0: {}
            org.javatuples:javatuples:jar:1.2: {}
          com.google.guava:guava:jar:18.0: {}
          com.codahale.metrics:metrics-core:jar:3.0.1: {}
          commons-codec:commons-codec:jar:1.7: {}
          com.codahale.metrics:metrics-ganglia:jar:3.0.1:
            info.ganglia.gmetric4j:gmetric4j:jar:1.0.3:
              org.acplt:oncrpc:jar:1.0.7: {}
          org.reflections:reflections:jar:0.9.9-RC1:
            org.javassist:javassist:jar:3.16.1-GA: {}
            dom4j:dom4j:jar:1.6.1:
              xml-apis:xml-apis:jar:1.0.b2: {}
          com.carrotsearch:hppc:jar:0.7.1: {}
          org.slf4j:slf4j-api:jar:1.7.5: {}
          com.codahale.metrics:metrics-graphite:jar:3.0.1: {}
          org.apache.tinkerpop:gremlin-groovy:jar:3.0.1-incubating:
            org.apache.ivy:ivy:jar:2.3.0: {}
            org.codehaus.groovy:groovy-groovysh:jar:indy:2.4.1:
              org.codehaus.groovy:groovy-console:jar:2.4.1:
                org.codehaus.groovy:groovy-templates:jar:2.4.1:
                  org.codehaus.groovy:groovy-xml:jar:2.4.1: {}
                org.codehaus.groovy:groovy-swing:jar:2.4.1: {}
              org.codehaus.groovy:groovy:jar:2.4.1: {}
            org.codehaus.groovy:groovy:jar:indy:2.4.1: {}
            org.mindrot:jbcrypt:jar:0.3m: {}
            org.apache.commons:commons-lang3:jar:3.3.1: {}
            org.codehaus.groovy:groovy-json:jar:indy:2.4.1: {}
            org.codehaus.groovy:groovy-jsr223:jar:indy:2.4.1: {}
          commons-collections:commons-collections:jar:3.2.1: {}
          com.google.code.findbugs:jsr305:jar:3.0.0: {}
          org.glassfish:javax.json:jar:1.0: {}
          org.apache.tinkerpop:tinkergraph-gremlin:jar:3.0.1-incubating: {}
          com.spatial4j:spatial4j:jar:0.4.1: {}
          commons-configuration:commons-configuration:jar:1.10:
            commons-logging:commons-logging:jar:1.1.1: {}
            commons-lang:commons-lang:jar:2.6: {}
    - jar:jline:jline:jar:2.11:
        transitive: {}
remote_repositories:
- http://repo1.maven.org/maven2/
